// !$*UTF8*$!
{
	archiveVersion = 1;
	classes = {
	};
	objectVersion = 46;
	objects = {

/* Begin PBXBuildFile section */
		2E333C4B1A3845F300DFB752 /* FirstViewController.m in Sources */ = {isa = PBXBuildFile; fileRef = 2E333C4A1A3845F300DFB752 /* FirstViewController.m */; };
		2E333C4E1A3845FC00DFB752 /* SecondViewController.m in Sources */ = {isa = PBXBuildFile; fileRef = 2E333C4D1A3845FC00DFB752 /* SecondViewController.m */; };
		2E333C511A38469B00DFB752 /* TopViewUtils.m in Sources */ = {isa = PBXBuildFile; fileRef = 2E333C501A38469B00DFB752 /* TopViewUtils.m */; };
		2E7CD9E51A3844740053D503 /* main.m in Sources */ = {isa = PBXBuildFile; fileRef = 2E7CD9E41A3844740053D503 /* main.m */; };
		2E7CD9E81A3844740053D503 /* AppDelegate.m in Sources */ = {isa = PBXBuildFile; fileRef = 2E7CD9E71A3844740053D503 /* AppDelegate.m */; };
		2E7CD9EE1A3844740053D503 /* Main.storyboard in Resources */ = {isa = PBXBuildFile; fileRef = 2E7CD9EC1A3844740053D503 /* Main.storyboard */; };
		2E7CD9F01A3844740053D503 /* Images.xcassets in Resources */ = {isa = PBXBuildFile; fileRef = 2E7CD9EF1A3844740053D503 /* Images.xcassets */; };
		2E7CD9F31A3844740053D503 /* LaunchScreen.xib in Resources */ = {isa = PBXBuildFile; fileRef = 2E7CD9F11A3844740053D503 /* LaunchScreen.xib */; };
		2E7CD9FF1A3844740053D503 /* TopVCTestTests.m in Sources */ = {isa = PBXBuildFile; fileRef = 2E7CD9FE1A3844740053D503 /* TopVCTestTests.m */; };
		2EF563171A403B8F00F54CD2 /* Test.m in Sources */ = {isa = PBXBuildFile; fileRef = 2EF563161A403B8F00F54CD2 /* Test.m */; };
/* End PBXBuildFile section */

/* Begin PBXContainerItemProxy section */
		2E7CD9F91A3844740053D503 /* PBXContainerItemProxy */ = {
			isa = PBXContainerItemProxy;
			containerPortal = 2E7CD9D71A3844730053D503 /* Project object */;
			proxyType = 1;
			remoteGlobalIDString = 2E7CD9DE1A3844740053D503;
			remoteInfo = TopVCTest;
		};
/* End PBXContainerItemProxy section */

/* Begin PBXFileReference section */
		2E333C491A3845F300DFB752 /* FirstViewController.h */ = {isa = PBXFileReference; fileEncoding = 4; lastKnownFileType = sourcecode.c.h; path = FirstViewController.h; sourceTree = "<group>"; };
		2E333C4A1A3845F300DFB752 /* FirstViewController.m */ = {isa = PBXFileReference; fileEncoding = 4; lastKnownFileType = sourcecode.c.objc; path = FirstViewController.m; sourceTree = "<group>"; };
		2E333C4C1A3845FC00DFB752 /* SecondViewController.h */ = {isa = PBXFileReference; fileEncoding = 4; lastKnownFileType = sourcecode.c.h; path = SecondViewController.h; sourceTree = "<group>"; };
		2E333C4D1A3845FC00DFB752 /* SecondViewController.m */ = {isa = PBXFileReference; fileEncoding = 4; lastKnownFileType = sourcecode.c.objc; path = SecondViewController.m; sourceTree = "<group>"; };
		2E333C4F1A38469B00DFB752 /* TopViewUtils.h */ = {isa = PBXFileReference; fileEncoding = 4; lastKnownFileType = sourcecode.c.h; path = TopViewUtils.h; sourceTree = "<group>"; };
		2E333C501A38469B00DFB752 /* TopViewUtils.m */ = {isa = PBXFileReference; fileEncoding = 4; lastKnownFileType = sourcecode.c.objc; path = TopViewUtils.m; sourceTree = "<group>"; };
		2E7CD9DF1A3844740053D503 /* TopVCTest.app */ = {isa = PBXFileReference; explicitFileType = wrapper.application; includeInIndex = 0; path = TopVCTest.app; sourceTree = BUILT_PRODUCTS_DIR; };
		2E7CD9E31A3844740053D503 /* Info.plist */ = {isa = PBXFileReference; lastKnownFileType = text.plist.xml; path = Info.plist; sourceTree = "<group>"; };
		2E7CD9E41A3844740053D503 /* main.m */ = {isa = PBXFileReference; lastKnownFileType = sourcecode.c.objc; path = main.m; sourceTree = "<group>"; };
		2E7CD9E61A3844740053D503 /* AppDelegate.h */ = {isa = PBXFileReference; lastKnownFileType = sourcecode.c.h; path = AppDelegate.h; sourceTree = "<group>"; };
		2E7CD9E71A3844740053D503 /* AppDelegate.m */ = {isa = PBXFileReference; lastKnownFileType = sourcecode.c.objc; path = AppDelegate.m; sourceTree = "<group>"; };
		2E7CD9ED1A3844740053D503 /* Base */ = {isa = PBXFileReference; lastKnownFileType = file.storyboard; name = Base; path = Base.lproj/Main.storyboard; sourceTree = "<group>"; };
		2E7CD9EF1A3844740053D503 /* Images.xcassets */ = {isa = PBXFileReference; lastKnownFileType = folder.assetcatalog; path = Images.xcassets; sourceTree = "<group>"; };
		2E7CD9F21A3844740053D503 /* Base */ = {isa = PBXFileReference; lastKnownFileType = file.xib; name = Base; path = Base.lproj/LaunchScreen.xib; sourceTree = "<group>"; };
		2E7CD9F81A3844740053D503 /* TopVCTestTests.xctest */ = {isa = PBXFileReference; explicitFileType = wrapper.cfbundle; includeInIndex = 0; path = TopVCTestTests.xctest; sourceTree = BUILT_PRODUCTS_DIR; };
		2E7CD9FD1A3844740053D503 /* Info.plist */ = {isa = PBXFileReference; lastKnownFileType = text.plist.xml; path = Info.plist; sourceTree = "<group>"; };
		2E7CD9FE1A3844740053D503 /* TopVCTestTests.m */ = {isa = PBXFileReference; lastKnownFileType = sourcecode.c.objc; path = TopVCTestTests.m; sourceTree = "<group>"; };
		2EF563151A403B8F00F54CD2 /* Test.h */ = {isa = PBXFileReference; fileEncoding = 4; lastKnownFileType = sourcecode.c.h; path = Test.h; sourceTree = "<group>"; };
		2EF563161A403B8F00F54CD2 /* Test.m */ = {isa = PBXFileReference; fileEncoding = 4; lastKnownFileType = sourcecode.c.objc; path = Test.m; sourceTree = "<group>"; };
/* End PBXFileReference section */

/* Begin PBXFrameworksBuildPhase section */
		2E7CD9DC1A3844740053D503 /* Frameworks */ = {
			isa = PBXFrameworksBuildPhase;
			buildActionMask = 2147483647;
			files = (
			);
			runOnlyForDeploymentPostprocessing = 0;
		};
		2E7CD9F51A3844740053D503 /* Frameworks */ = {
			isa = PBXFrameworksBuildPhase;
			buildActionMask = 2147483647;
			files = (
			);
			runOnlyForDeploymentPostprocessing = 0;
		};
/* End PBXFrameworksBuildPhase section */

/* Begin PBXGroup section */
		2E7CD9D61A3844730053D503 = {
			isa = PBXGroup;
			children = (
				2E7CD9E11A3844740053D503 /* TopVCTest */,
				2E7CD9FB1A3844740053D503 /* TopVCTestTests */,
				2E7CD9E01A3844740053D503 /* Products */,
			);
			sourceTree = "<group>";
		};
		2E7CD9E01A3844740053D503 /* Products */ = {
			isa = PBXGroup;
			children = (
				2E7CD9DF1A3844740053D503 /* TopVCTest.app */,
				2E7CD9F81A3844740053D503 /* TopVCTestTests.xctest */,
			);
			name = Products;
			sourceTree = "<group>";
		};
		2E7CD9E11A3844740053D503 /* TopVCTest */ = {
			isa = PBXGroup;
			children = (
				2E7CD9E61A3844740053D503 /* AppDelegate.h */,
				2E7CD9E71A3844740053D503 /* AppDelegate.m */,
				2E333C491A3845F300DFB752 /* FirstViewController.h */,
				2E333C4A1A3845F300DFB752 /* FirstViewController.m */,
				2E333C4C1A3845FC00DFB752 /* SecondViewController.h */,
				2E333C4D1A3845FC00DFB752 /* SecondViewController.m */,
				2E333C4F1A38469B00DFB752 /* TopViewUtils.h */,
				2E333C501A38469B00DFB752 /* TopViewUtils.m */,
				2E7CD9EC1A3844740053D503 /* Main.storyboard */,
				2EF563151A403B8F00F54CD2 /* Test.h */,
				2EF563161A403B8F00F54CD2 /* Test.m */,
				2E7CD9EF1A3844740053D503 /* Images.xcassets */,
				2E7CD9F11A3844740053D503 /* LaunchScreen.xib */,
				2E7CD9E21A3844740053D503 /* Supporting Files */,
			);
			path = TopVCTest;
			sourceTree = "<group>";
		};
		2E7CD9E21A3844740053D503 /* Supporting Files */ = {
			isa = PBXGroup;
			children = (
				2E7CD9E31A3844740053D503 /* Info.plist */,
				2E7CD9E41A3844740053D503 /* main.m */,
			);
			name = "Supporting Files";
			sourceTree = "<group>";
		};
		2E7CD9FB1A3844740053D503 /* TopVCTestTests */ = {
			isa = PBXGroup;
			children = (
				2E7CD9FE1A3844740053D503 /* TopVCTestTests.m */,
				2E7CD9FC1A3844740053D503 /* Supporting Files */,
			);
			path = TopVCTestTests;
			sourceTree = "<group>";
		};
		2E7CD9FC1A3844740053D503 /* Supporting Files */ = {
			isa = PBXGroup;
			children = (
				2E7CD9FD1A3844740053D503 /* Info.plist */,
			);
			name = "Supporting Files";
			sourceTree = "<group>";
		};
/* End PBXGroup section */

/* Begin PBXNativeTarget section */
		2E7CD9DE1A3844740053D503 /* TopVCTest */ = {
			isa = PBXNativeTarget;
			buildConfigurationList = 2E7CDA021A3844740053D503 /* Build configuration list for PBXNativeTarget "TopVCTest" */;
			buildPhases = (
				2E7CD9DB1A3844740053D503 /* Sources */,
				2E7CD9DC1A3844740053D503 /* Frameworks */,
				2E7CD9DD1A3844740053D503 /* Resources */,
			);
			buildRules = (
			);
			dependencies = (
			);
			name = TopVCTest;
			productName = TopVCTest;
			productReference = 2E7CD9DF1A3844740053D503 /* TopVCTest.app */;
			productType = "com.apple.product-type.application";
		};
		2E7CD9F71A3844740053D503 /* TopVCTestTests */ = {
			isa = PBXNativeTarget;
			buildConfigurationList = 2E7CDA051A3844740053D503 /* Build configuration list for PBXNativeTarget "TopVCTestTests" */;
			buildPhases = (
				2E7CD9F41A3844740053D503 /* Sources */,
				2E7CD9F51A3844740053D503 /* Frameworks */,
				2E7CD9F61A3844740053D503 /* Resources */,
			);
			buildRules = (
			);
			dependencies = (
				2E7CD9FA1A3844740053D503 /* PBXTargetDependency */,
			);
			name = TopVCTestTests;
			productName = TopVCTestTests;
			productReference = 2E7CD9F81A3844740053D503 /* TopVCTestTests.xctest */;
			productType = "com.apple.product-type.bundle.unit-test";
		};
/* End PBXNativeTarget section */

/* Begin PBXProject section */
		2E7CD9D71A3844730053D503 /* Project object */ = {
			isa = PBXProject;
			attributes = {
				LastUpgradeCheck = 0620;
				ORGANIZATIONNAME = Dengshengbin;
				TargetAttributes = {
					2E7CD9DE1A3844740053D503 = {
						CreatedOnToolsVersion = 6.2;
					};
					2E7CD9F71A3844740053D503 = {
						CreatedOnToolsVersion = 6.2;
						TestTargetID = 2E7CD9DE1A3844740053D503;
					};
				};
			};
			buildConfigurationList = 2E7CD9DA1A3844730053D503 /* Build configuration list for PBXProject "TopVCTest" */;
			compatibilityVersion = "Xcode 3.2";
			developmentRegion = English;
			hasScannedForEncodings = 0;
			knownRegions = (
				en,
				Base,
			);
			mainGroup = 2E7CD9D61A3844730053D503;
			productRefGroup = 2E7CD9E01A3844740053D503 /* Products */;
			projectDirPath = "";
			projectRoot = "";
			targets = (
				2E7CD9DE1A3844740053D503 /* TopVCTest */,
				2E7CD9F71A3844740053D503 /* TopVCTestTests */,
			);
		};
/* End PBXProject section */

/* Begin PBXResourcesBuildPhase section */
		2E7CD9DD1A3844740053D503 /* Resources */ = {
			isa = PBXResourcesBuildPhase;
			buildActionMask = 2147483647;
			files = (
				2E7CD9EE1A3844740053D503 /* Main.storyboard in Resources */,
				2E7CD9F31A3844740053D503 /* LaunchScreen.xib in Resources */,
				2E7CD9F01A3844740053D503 /* Images.xcassets in Resources */,
			);
			runOnlyForDeploymentPostprocessing = 0;
		};
		2E7CD9F61A3844740053D503 /* Resources */ = {
			isa = PBXResourcesBuildPhase;
			buildActionMask = 2147483647;
			files = (
			);
			runOnlyForDeploymentPostprocessing = 0;
		};
/* End PBXResourcesBuildPhase section */

/* Begin PBXSourcesBuildPhase section */
		2E7CD9DB1A3844740053D503 /* Sources */ = {
			isa = PBXSourcesBuildPhase;
			buildActionMask = 2147483647;
			files = (
				2E333C4E1A3845FC00DFB752 /* SecondViewController.m in Sources */,
				2E7CD9E81A3844740053D503 /* AppDelegate.m in Sources */,
				2E333C4B1A3845F300DFB752 /* FirstViewController.m in Sources */,
				2EF563171A403B8F00F54CD2 /* Test.m in Sources */,
				2E7CD9E51A3844740053D503 /* main.m in Sources */,
				2E333C511A38469B00DFB752 /* TopViewUtils.m in Sources */,
			);
			runOnlyForDeploymentPostprocessing = 0;
		};
		2E7CD9F41A3844740053D503 /* Sources */ = {
			isa = PBXSourcesBuildPhase;
			buildActionMask = 2147483647;
			files = (
				2E7CD9FF1A3844740053D503 /* TopVCTestTests.m in Sources */,
			);
			runOnlyForDeploymentPostprocessing = 0;
		};
/* End PBXSourcesBuildPhase section */

/* Begin PBXTargetDependency section */
		2E7CD9FA1A3844740053D503 /* PBXTargetDependency */ = {
			isa = PBXTargetDependency;
			target = 2E7CD9DE1A3844740053D503 /* TopVCTest */;
			targetProxy = 2E7CD9F91A3844740053D503 /* PBXContainerItemProxy */;
		};
/* End PBXTargetDependency section */

/* Begin PBXVariantGroup section */
		2E7CD9EC1A3844740053D503 /* Main.storyboard */ = {
			isa = PBXVariantGroup;
			children = (
				2E7CD9ED1A3844740053D503 /* Base */,
			);
			name = Main.storyboard;
			sourceTree = "<group>";
		};
		2E7CD9F11A3844740053D503 /* LaunchScreen.xib */ = {
			isa = PBXVariantGroup;
			children = (
				2E7CD9F21A3844740053D503 /* Base */,
			);
			name = LaunchScreen.xib;
			sourceTree = "<group>";
		};
/* End PBXVariantGroup section */

/* Begin XCBuildConfiguration section */
		2E7CDA001A3844740053D503 /* Debug */ = {
			isa = XCBuildConfiguration;
			buildSettings = {
				ALWAYS_SEARCH_USER_PATHS = NO;
				CLANG_CXX_LANGUAGE_STANDARD = "gnu++0x";
				CLANG_CXX_LIBRARY = "libc++";
				CLANG_ENABLE_MODULES = YES;
				CLANG_ENABLE_OBJC_ARC = YES;
				CLANG_WARN_BOOL_CONVERSION = YES;
				CLANG_WARN_CONSTANT_CONVERSION = YES;
				CLANG_WARN_DIRECT_OBJC_ISA_USAGE = YES_ERROR;
				CLANG_WARN_EMPTY_BODY = YES;
				CLANG_WARN_ENUM_CONVERSION = YES;
				CLANG_WARN_INT_CONVERSION = YES;
				CLANG_WARN_OBJC_ROOT_CLASS = YES_ERROR;
				CLANG_WARN_UNREACHABLE_CODE = YES;
				CLANG_WARN__DUPLICATE_METHOD_MATCH = YES;
				"CODE_SIGN_IDENTITY[sdk=iphoneos*]" = "iPhone Developer";
				COPY_PHASE_STRIP = NO;
				ENABLE_STRICT_OBJC_MSGSEND = YES;
				GCC_C_LANGUAGE_STANDARD = gnu99;
				GCC_DYNAMIC_NO_PIC = NO;
				GCC_OPTIMIZATION_LEVEL = 0;
				GCC_PREPROCESSOR_DEFINITIONS = (
					"DEBUG=1",
					"$(inherited)",
				);
				GCC_SYMBOLS_PRIVATE_EXTERN = NO;
				GCC_WARN_64_TO_32_BIT_CONVERSION = YES;
				GCC_WARN_ABOUT_RETURN_TYPE = YES_ERROR;
				GCC_WARN_UNDECLARED_SELECTOR = YES;
				GCC_WARN_UNINITIALIZED_AUTOS = YES_AGGRESSIVE;
				GCC_WARN_UNUSED_FUNCTION = YES;
				GCC_WARN_UNUSED_VARIABLE = YES;
				IPHONEOS_DEPLOYMENT_TARGET = 8.2;
				MTL_ENABLE_DEBUG_INFO = YES;
				ONLY_ACTIVE_ARCH = YES;
				SDKROOT = iphoneos;
				TARGETED_DEVICE_FAMILY = "1,2";
			};
			name = Debug;
		};
		2E7CDA011A3844740053D503 /* Release */ = {
			isa = XCBuildConfiguration;
			buildSettings = {
				ALWAYS_SEARCH_USER_PATHS = NO;
				CLANG_CXX_LANGUAGE_STANDARD = "gnu++0x";
				CLANG_CXX_LIBRARY = "libc++";
				CLANG_ENABLE_MODULES = YES;
				CLANG_ENABLE_OBJC_ARC = YES;
				CLANG_WARN_BOOL_CONVERSION = YES;
				CLANG_WARN_CONSTANT_CONVERSION = YES;
				CLANG_WARN_DIRECT_OBJC_ISA_USAGE = YES_ERROR;
				CLANG_WARN_EMPTY_BODY = YES;
				CLANG_WARN_ENUM_CONVERSION = YES;
				CLANG_WARN_INT_CONVERSION = YES;
				CLANG_WARN_OBJC_ROOT_CLASS = YES_ERROR;
				CLANG_WARN_UNREACHABLE_CODE = YES;
				CLANG_WARN__DUPLICATE_METHOD_MATCH = YES;
				"CODE_SIGN_IDENTITY[sdk=iphoneos*]" = "iPhone Developer";
				COPY_PHASE_STRIP = YES;
				ENABLE_NS_ASSERTIONS = NO;
				ENABLE_STRICT_OBJC_MSGSEND = YES;
				GCC_C_LANGUAGE_STANDARD = gnu99;
				GCC_WARN_64_TO_32_BIT_CONVERSION = YES;
				GCC_WARN_ABOUT_RETURN_TYPE = YES_ERROR;
				GCC_WARN_UNDECLARED_SELECTOR = YES;
				GCC_WARN_UNINITIALIZED_AUTOS = YES_AGGRESSIVE;
				GCC_WARN_UNUSED_FUNCTION = YES;
				GCC_WARN_UNUSED_VARIABLE = YES;
				IPHONEOS_DEPLOYMENT_TARGET = 8.2;
				MTL_ENABLE_DEBUG_INFO = NO;
				SDKROOT = iphoneos;
				TARGETED_DEVICE_FAMILY = "1,2";
				VALIDATE_PRODUCT = YES;
			};
			name = Release;
		};
		2E7CDA031A3844740053D503 /* Debug */ = {
			isa = XCBuildConfiguration;
			buildSettings = {
				ASSETCATALOG_COMPILER_APPICON_NAME = AppIcon;
				CODE_SIGN_IDENTITY = "iPhone Developer: Zhao Rui (BK8MW5962H)";
				INFOPLIST_FILE = TopVCTest/Info.plist;
				IPHONEOS_DEPLOYMENT_TARGET = 7.0;
				LD_RUNPATH_SEARCH_PATHS = "$(inherited) @executable_path/Frameworks";
				PRODUCT_NAME = "$(TARGET_NAME)";
				PROVISIONING_PROFILE = "92960840-af21-4886-9b79-e8a6e1fc2a5e";
			};
			name = Debug;
		};
		2E7CDA041A3844740053D503 /* Release */ = {
			isa = XCBuildConfiguration;
			buildSettings = {
				ASSETCATALOG_COMPILER_APPICON_NAME = AppIcon;
				CODE_SIGN_IDENTITY = "iPhone Developer: Zhao Rui (BK8MW5962H)";
				INFOPLIST_FILE = TopVCTest/Info.plist;
				IPHONEOS_DEPLOYMENT_TARGET = 7.0;
				LD_RUNPATH_SEARCH_PATHS = "$(inherited) @executable_path/Frameworks";
				PRODUCT_NAME = "$(TARGET_NAME)";
				PROVISIONING_PROFILE = "92960840-af21-4886-9b79-e8a6e1fc2a5e";
			};
			name = Release;
		};
		2E7CDA061A3844740053D503 /* Debug */ = {
			isa = XCBuildConfiguration;
			buildSettings = {
				BUNDLE_LOADER = "$(TEST_HOST)";
				FRAMEWORK_SEARCH_PATHS = (
					"$(SDKROOT)/Developer/Library/Frameworks",
					"$(inherited)",
				);
				GCC_PREPROCESSOR_DEFINITIONS = (
					"DEBUG=1",
					"$(inherited)",
				);
				INFOPLIST_FILE = TopVCTestTests/Info.plist;
				LD_RUNPATH_SEARCH_PATHS = "$(inherited) @executable_path/Frameworks @loader_path/Frameworks";
				PRODUCT_NAME = "$(TARGET_NAME)";
				TEST_HOST = "$(BUILT_PRODUCTS_DIR)/TopVCTest.app/TopVCTest";
			};
			name = Debug;
		};
		2E7CDA071A3844740053D503 /* Release */ = {
			isa = XCBuildConfiguration;
			buildSettings = {
				BUNDLE_LOADER = "$(TEST_HOST)";
				FRAMEWORK_SEARCH_PATHS = (
					"$(SDKROOT)/Developer/Library/Frameworks",
					"$(inherited)",
				);
				INFOPLIST_FILE = TopVCTestTests/Info.plist;
				LD_RUNPATH_SEARCH_PATHS = "$(inherited) @executable_path/Frameworks @loader_path/Frameworks";
				PRODUCT_NAME = "$(TARGET_NAME)";
				TEST_HOST = "$(BUILT_PRODUCTS_DIR)/TopVCTest.app/TopVCTest";
			};
			name = Release;
		};
/* End XCBuildConfiguration section */

/* Begin XCConfigurationList section */
		2E7CD9DA1A3844730053D503 /* Build configuration list for PBXProject "TopVCTest" */ = {
			isa = XCConfigurationList;
			buildConfigurations = (
				2E7CDA001A3844740053D503 /* Debug */,
				2E7CDA011A3844740053D503 /* Release */,
			);
			defaultConfigurationIsVisible = 0;
			defaultConfigurationName = Release;
		};
		2E7CDA021A3844740053D503 /* Build configuration list for PBXNativeTarget "TopVCTest" */ = {
			isa = XCConfigurationList;
			buildConfigurations = (
				2E7CDA031A3844740053D503 /* Debug */,
				2E7CDA041A3844740053D503 /* Release */,
			);
			defaultConfigurationIsVisible = 0;
			defaultConfigurationName = Release;
		};
		2E7CDA051A3844740053D503 /* Build configuration list for PBXNativeTarget "TopVCTestTests" */ = {
			isa = XCConfigurationList;
			buildConfigurations = (
				2E7CDA061A3844740053D503 /* Debug */,
				2E7CDA071A3844740053D503 /* Release */,
			);
			defaultConfigurationIsVisible = 0;
			defaultConfigurationName = Release;
		};
/* End XCConfigurationList section */
	};
	rootObject = 2E7CD9D71A3844730053D503 /* Project object */;
}
